
Microsoft Visual Studio Solution File, Format Version 11.00
# Visual Studio 2010
Project("{8BC9CEB8-8B4A-11D0-8D11-00A0C91BC942}") = "chapter10", "chapter10\chapter10.vcxproj", "{101558D8-562B-4D37-9735-958F258052DF}"
EndProject
Global
	GlobalSection(SolutionConfigurationPlatforms) = preSolution
		Debug|Win32 = Debug|Win32
		Release|Win32 = Release|Win32
	EndGlobalSection
	GlobalSection(ProjectConfigurationPlatforms) = postSolution
		{101558D8-562B-4D37-9735-958F258052DF}.Debug|Win32.ActiveCfg = Debug|Win32
		{101558D8-562B-4D37-9735-958F258052DF}.Debug|Win32.Build.0 = Debug|Win32
		{101558D8-562B-4D37-9735-958F258052DF}.Release|Win32.ActiveCfg = Release|Win32
		{101558D8-562B-4D37-9735-958F258052DF}.Release|Win32.Build.0 = Release|Win32
	EndGlobalSection
	GlobalSection(SolutionProperties) = preSolution
		HideSolutionNode = FALSE
	EndGlobalSection
EndGlobal
